
Microsoft Visual Studio Solution File, Format Version 12.00
# Visual Studio Version 17
VisualStudioVersion = 17.9.34701.34
MinimumVisualStudioVersion = 10.0.40219.1
Project("{FAE04EC0-301F-11D3-BF4B-00C04F79EFBC}") = "Ejercicio_Desarrollo_CFGS-DAM", "Ejercicio_Desarrollo_CFGS-DAM\Ejercicio_Desarrollo_CFGS-DAM.csproj", "{B6575D33-B84A-4615-AE08-5F0CDC75E81F}"
EndProject
Global
	GlobalSection(SolutionConfigurationPlatforms) = preSolution
		Debug|Any CPU = Debug|Any CPU
		Release|Any CPU = Release|Any CPU
	EndGlobalSection
	GlobalSection(ProjectConfigurationPlatforms) = postSolution
		{B6575D33-B84A-4615-AE08-5F0CDC75E81F}.Debug|Any CPU.ActiveCfg = Debug|Any CPU
		{B6575D33-B84A-4615-AE08-5F0CDC75E81F}.Debug|Any CPU.Build.0 = Debug|Any CPU
		{B6575D33-B84A-4615-AE08-5F0CDC75E81F}.Release|Any CPU.ActiveCfg = Release|Any CPU
		{B6575D33-B84A-4615-AE08-5F0CDC75E81F}.Release|Any CPU.Build.0 = Release|Any CPU
	EndGlobalSection
	GlobalSection(SolutionProperties) = preSolution
		HideSolutionNode = FALSE
	EndGlobalSection
	GlobalSection(ExtensibilityGlobals) = postSolution
		SolutionGuid = {B0B01B84-E972-43DC-BD28-46E448D791A6}
	EndGlobalSection
EndGlobal
